
Microsoft Visual Studio Solution File, Format Version 12.00
# Visual Studio 15
VisualStudioVersion = 15.0.28010.2003
MinimumVisualStudioVersion = 10.0.40219.1
Project("{8BC9CEB8-8B4A-11D0-8D11-00A0C91BC942}") = "smartptr", "smartptr\smartptr.vcxproj", "{C99B9A99-510F-42D2-AE63-CA42D264E12E}"
EndProject
Project("{8BC9CEB8-8B4A-11D0-8D11-00A0C91BC942}") = "googleTest", "googleTest\googleTest.vcxproj", "{051D29E7-3D68-4AE8-A0AE-AABAAE7788F8}"
EndProject
Global
	GlobalSection(SolutionConfigurationPlatforms) = preSolution
		Debug|x64 = Debug|x64
		Debug|x86 = Debug|x86
		Release|x64 = Release|x64
		Release|x86 = Release|x86
	EndGlobalSection
	GlobalSection(ProjectConfigurationPlatforms) = postSolution
		{C99B9A99-510F-42D2-AE63-CA42D264E12E}.Debug|x64.ActiveCfg = Debug|x64
		{C99B9A99-510F-42D2-AE63-CA42D264E12E}.Debug|x64.Build.0 = Debug|x64
		{C99B9A99-510F-42D2-AE63-CA42D264E12E}.Debug|x86.ActiveCfg = Debug|Win32
		{C99B9A99-510F-42D2-AE63-CA42D264E12E}.Debug|x86.Build.0 = Debug|Win32
		{C99B9A99-510F-42D2-AE63-CA42D264E12E}.Release|x64.ActiveCfg = Release|x64
		{C99B9A99-510F-42D2-AE63-CA42D264E12E}.Release|x64.Build.0 = Release|x64
		{C99B9A99-510F-42D2-AE63-CA42D264E12E}.Release|x86.ActiveCfg = Release|Win32
		{C99B9A99-510F-42D2-AE63-CA42D264E12E}.Release|x86.Build.0 = Release|Win32
		{051D29E7-3D68-4AE8-A0AE-AABAAE7788F8}.Debug|x64.ActiveCfg = Debug|x64
		{051D29E7-3D68-4AE8-A0AE-AABAAE7788F8}.Debug|x64.Build.0 = Debug|x64
		{051D29E7-3D68-4AE8-A0AE-AABAAE7788F8}.Debug|x86.ActiveCfg = Debug|Win32
		{051D29E7-3D68-4AE8-A0AE-AABAAE7788F8}.Debug|x86.Build.0 = Debug|Win32
		{051D29E7-3D68-4AE8-A0AE-AABAAE7788F8}.Release|x64.ActiveCfg = Release|x64
		{051D29E7-3D68-4AE8-A0AE-AABAAE7788F8}.Release|x64.Build.0 = Release|x64
		{051D29E7-3D68-4AE8-A0AE-AABAAE7788F8}.Release|x86.ActiveCfg = Release|Win32
		{051D29E7-3D68-4AE8-A0AE-AABAAE7788F8}.Release|x86.Build.0 = Release|Win32
	EndGlobalSection
	GlobalSection(SolutionProperties) = preSolution
		HideSolutionNode = FALSE
	EndGlobalSection
	GlobalSection(ExtensibilityGlobals) = postSolution
		SolutionGuid = {71DCF0E4-6882-41E7-8373-72EAA48A383D}
	EndGlobalSection
EndGlobal
